
Microsoft Visual Studio Solution File, Format Version 12.00
# Visual Studio Version 17
VisualStudioVersion = 17.14.36511.14
MinimumVisualStudioVersion = 10.0.40219.1
Project("{FAE04EC0-301F-11D3-BF4B-00C04F79EFBC}") = "Proyecto_API.View", "Proyecto_API\Proyecto_API.View.csproj", "{C69794E2-F0B2-4FAA-B9FF-E8BF303EA22A}"
EndProject
Global
	GlobalSection(SolutionConfigurationPlatforms) = preSolution
		Debug|Any CPU = Debug|Any CPU
		Release|Any CPU = Release|Any CPU
	EndGlobalSection
	GlobalSection(ProjectConfigurationPlatforms) = postSolution
		{C69794E2-F0B2-4FAA-B9FF-E8BF303EA22A}.Debug|Any CPU.ActiveCfg = Debug|Any CPU
		{C69794E2-F0B2-4FAA-B9FF-E8BF303EA22A}.Debug|Any CPU.Build.0 = Debug|Any CPU
		{C69794E2-F0B2-4FAA-B9FF-E8BF303EA22A}.Release|Any CPU.ActiveCfg = Release|Any CPU
		{C69794E2-F0B2-4FAA-B9FF-E8BF303EA22A}.Release|Any CPU.Build.0 = Release|Any CPU
	EndGlobalSection
	GlobalSection(SolutionProperties) = preSolution
		HideSolutionNode = FALSE
	EndGlobalSection
	GlobalSection(ExtensibilityGlobals) = postSolution
		SolutionGuid = {03699F2B-6FDB-453F-84E7-24C55D51124A}
	EndGlobalSection
EndGlobal
